{
  "nodes": {
    "git-global-status": {
      "flake": false,
      "locked": {
        "lastModified": 1753733928,
        "narHash": "sha256-ALY6WNo9oxXv8vM/NdXr8FAMMvuns88Jyg5Ews64Q/Q=",
        "owner": "kmicklas",
        "repo": "git-global-status",
        "rev": "eee6551be8aea45528240e7d5af852e29dcf82ed",
        "type": "github"
      },
      "original": {
        "owner": "kmicklas",
        "ref": "main",
        "repo": "git-global-status",
        "type": "github"
      }
    },
    "helix": {
      "inputs": {
        "nixpkgs": [
          "nixpkgs"
        ],
        "rust-overlay": "rust-overlay"
      },
      "locked": {
        "lastModified": 1771357777,
        "narHash": "sha256-CIwci4Jst+8VZ2JtStLi3j9RST8XxIXHKoGD4YVTYN8=",
        "owner": "kmicklas",
        "repo": "helix",
        "rev": "976e309f6734860922578b2fbcd29b144909b3a0",
        "type": "github"
      },
      "original": {
        "owner": "kmicklas",
        "ref": "personal-fork",
        "repo": "helix",
        "type": "github"
      }
    },
    "home-manager": {
      "inputs": {
        "nixpkgs": [
          "nixpkgs"
        ]
      },
      "locked": {
        "lastModified": 1772985280,
        "narHash": "sha256-FdrNykOoY9VStevU4zjSUdvsL9SzJTcXt4omdEDZDLk=",
        "owner": "nix-community",
        "repo": "home-manager",
        "rev": "8f736f007139d7f70752657dff6a401a585d6cbc",
        "type": "github"
      },
      "original": {
        "owner": "nix-community",
        "ref": "release-25.11",
        "repo": "home-manager",
        "type": "github"
      }
    },
    "mpv-sub-scripts": {
      "flake": false,
      "locked": {
        "lastModified": 1720505155,
        "narHash": "sha256-eU3lg41FpTgtDB4KFtKiTbjaXY0HuathS2SK90rwFYo=",
        "owner": "Ben-Kerman",
        "repo": "mpv-sub-scripts",
        "rev": "73ed44c879a75020da39d1d24368f448085186ae",
        "type": "github"
      },
      "original": {
        "owner": "Ben-Kerman",
        "ref": "master",
        "repo": "mpv-sub-scripts",
        "type": "github"
      }
    },
    "mud": {
      "flake": false,
      "locked": {
        "narHash": "sha256-IB/stR0tKzRBASf3lPY/I4tjN+Knew9HaljQCo8lNkA=",
        "type": "file",
        "url": "https://www.dropbox.com/s/2669wx4az2jt62t/Mud.jpg"
      },
      "original": {
        "type": "file",
        "url": "https://www.dropbox.com/s/2669wx4az2jt62t/Mud.jpg"
      }
    },
    "nixpkgs": {
      "locked": {
        "lastModified": 1772822230,
        "narHash": "sha256-yf3iYLGbGVlIthlQIk5/4/EQDZNNEmuqKZkQssMljuw=",
        "owner": "NixOS",
        "repo": "nixpkgs",
        "rev": "71caefce12ba78d84fe618cf61644dce01cf3a96",
        "type": "github"
      },
      "original": {
        "owner": "NixOS",
        "ref": "nixos-25.11",
        "repo": "nixpkgs",
        "type": "github"
      }
    },
    "nixpkgs-unstable": {
      "locked": {
        "lastModified": 1773122722,
        "narHash": "sha256-FIqHByVqxCprNjor1NqF80F2QQoiiyqanNNefdlvOg4=",
        "owner": "NixOS",
        "repo": "nixpkgs",
        "rev": "62dc67aa6a52b4364dd75994ec00b51fbf474e50",
        "type": "github"
      },
      "original": {
        "owner": "NixOS",
        "ref": "nixos-unstable",
        "repo": "nixpkgs",
        "type": "github"
      }
    },
    "root": {
      "inputs": {
        "git-global-status": "git-global-status",
        "helix": "helix",
        "home-manager": "home-manager",
        "mpv-sub-scripts": "mpv-sub-scripts",
        "mud": "mud",
        "nixpkgs": "nixpkgs",
        "nixpkgs-unstable": "nixpkgs-unstable"
      }
    },
    "rust-overlay": {
      "inputs": {
        "nixpkgs": [
          "helix",
          "nixpkgs"
        ]
      },
      "locked": {
        "lastModified": 1740623427,
        "narHash": "sha256-3SdPQrZoa4odlScFDUHd4CUPQ/R1gtH4Mq9u8CBiK8M=",
        "owner": "oxalica",
        "repo": "rust-overlay",
        "rev": "d342e8b5fd88421ff982f383c853f0fc78a847ab",
        "type": "github"
      },
      "original": {
        "owner": "oxalica",
        "repo": "rust-overlay",
        "type": "github"
      }
    }
  },
  "root": "root",
  "version": 7
}
