{
  "nodes": {
    "git-global-status": {
      "flake": false,
      "locked": {
        "lastModified": 1753733928,
        "narHash": "sha256-ALY6WNo9oxXv8vM/NdXr8FAMMvuns88Jyg5Ews64Q/Q=",
        "owner": "kmicklas",
        "repo": "git-global-status",
        "rev": "eee6551be8aea45528240e7d5af852e29dcf82ed",
        "type": "github"
      },
      "original": {
        "owner": "kmicklas",
        "ref": "main",
        "repo": "git-global-status",
        "type": "github"
      }
    },
    "helix": {
      "inputs": {
        "nixpkgs": [
          "nixpkgs"
        ],
        "rust-overlay": "rust-overlay"
      },
      "locked": {
        "lastModified": 1771357777,
        "narHash": "sha256-CIwci4Jst+8VZ2JtStLi3j9RST8XxIXHKoGD4YVTYN8=",
        "owner": "kmicklas",
        "repo": "helix",
        "rev": "976e309f6734860922578b2fbcd29b144909b3a0",
        "type": "github"
      },
      "original": {
        "owner": "kmicklas",
        "ref": "personal-fork",
        "repo": "helix",
        "type": "github"
      }
    },
    "home-manager": {
      "inputs": {
        "nixpkgs": [
          "nixpkgs"
        ]
      },
      "locked": {
        "lastModified": 1775077333,
        "narHash": "sha256-OXcxobt7lBkh1B8AjwreU+24myhtKpqeLfAeIyNLFY8=",
        "owner": "nix-community",
        "repo": "home-manager",
        "rev": "49ca96b2714c5931e17401eff87f3edd42d2b0f2",
        "type": "github"
      },
      "original": {
        "owner": "nix-community",
        "ref": "release-25.11",
        "repo": "home-manager",
        "type": "github"
      }
    },
    "mpv-sub-scripts": {
      "flake": false,
      "locked": {
        "lastModified": 1720505155,
        "narHash": "sha256-eU3lg41FpTgtDB4KFtKiTbjaXY0HuathS2SK90rwFYo=",
        "owner": "Ben-Kerman",
        "repo": "mpv-sub-scripts",
        "rev": "73ed44c879a75020da39d1d24368f448085186ae",
        "type": "github"
      },
      "original": {
        "owner": "Ben-Kerman",
        "ref": "master",
        "repo": "mpv-sub-scripts",
        "type": "github"
      }
    },
    "mud": {
      "flake": false,
      "locked": {
        "narHash": "sha256-IB/stR0tKzRBASf3lPY/I4tjN+Knew9HaljQCo8lNkA=",
        "type": "file",
        "url": "https://www.dropbox.com/s/2669wx4az2jt62t/Mud.jpg"
      },
      "original": {
        "type": "file",
        "url": "https://www.dropbox.com/s/2669wx4az2jt62t/Mud.jpg"
      }
    },
    "nixpkgs": {
      "locked": {
        "lastModified": 1775002709,
        "narHash": "sha256-d3Yx83vSrN+2z/loBh4mJpyRqr9aAJqlke4TkpFmRJA=",
        "owner": "NixOS",
        "repo": "nixpkgs",
        "rev": "bcd464ccd2a1a7cd09aa2f8d4ffba83b761b1d0e",
        "type": "github"
      },
      "original": {
        "owner": "NixOS",
        "ref": "nixos-25.11",
        "repo": "nixpkgs",
        "type": "github"
      }
    },
    "nixpkgs-unstable": {
      "locked": {
        "lastModified": 1775036866,
        "narHash": "sha256-ZojAnPuCdy657PbTq5V0Y+AHKhZAIwSIT2cb8UgAz/U=",
        "owner": "NixOS",
        "repo": "nixpkgs",
        "rev": "6201e203d09599479a3b3450ed24fa81537ebc4e",
        "type": "github"
      },
      "original": {
        "owner": "NixOS",
        "ref": "nixos-unstable",
        "repo": "nixpkgs",
        "type": "github"
      }
    },
    "root": {
      "inputs": {
        "git-global-status": "git-global-status",
        "helix": "helix",
        "home-manager": "home-manager",
        "mpv-sub-scripts": "mpv-sub-scripts",
        "mud": "mud",
        "nixpkgs": "nixpkgs",
        "nixpkgs-unstable": "nixpkgs-unstable"
      }
    },
    "rust-overlay": {
      "inputs": {
        "nixpkgs": [
          "helix",
          "nixpkgs"
        ]
      },
      "locked": {
        "lastModified": 1740623427,
        "narHash": "sha256-3SdPQrZoa4odlScFDUHd4CUPQ/R1gtH4Mq9u8CBiK8M=",
        "owner": "oxalica",
        "repo": "rust-overlay",
        "rev": "d342e8b5fd88421ff982f383c853f0fc78a847ab",
        "type": "github"
      },
      "original": {
        "owner": "oxalica",
        "repo": "rust-overlay",
        "type": "github"
      }
    }
  },
  "root": "root",
  "version": 7
}
