{
  "nodes": {
    "git-global-status": {
      "flake": false,
      "locked": {
        "lastModified": 1753733928,
        "narHash": "sha256-ALY6WNo9oxXv8vM/NdXr8FAMMvuns88Jyg5Ews64Q/Q=",
        "owner": "kmicklas",
        "repo": "git-global-status",
        "rev": "eee6551be8aea45528240e7d5af852e29dcf82ed",
        "type": "github"
      },
      "original": {
        "owner": "kmicklas",
        "ref": "main",
        "repo": "git-global-status",
        "type": "github"
      }
    },
    "helix": {
      "inputs": {
        "nixpkgs": [
          "nixpkgs"
        ],
        "rust-overlay": "rust-overlay"
      },
      "locked": {
        "lastModified": 1781948734,
        "narHash": "sha256-saomar5bbc8D3ZBrXhPfXqxMSaGvQiJRznLy2gLWSQM=",
        "owner": "kmicklas",
        "repo": "helix",
        "rev": "1c89b15921a21814ab5b20b1b5db3b2110e30819",
        "type": "github"
      },
      "original": {
        "owner": "kmicklas",
        "ref": "personal-fork",
        "repo": "helix",
        "type": "github"
      }
    },
    "home-manager": {
      "inputs": {
        "nixpkgs": [
          "nixpkgs"
        ]
      },
      "locked": {
        "lastModified": 1790215976,
        "narHash": "sha256-VkR1rMGyjU9jtw8ISFx5uqR9e+LEaOlhHwrseFkiIVk=",
        "owner": "nix-community",
        "repo": "home-manager",
        "rev": "a6631107a83ceab5872f298a2ea710859c80c4cb",
        "type": "github"
      },
      "original": {
        "owner": "nix-community",
        "ref": "release-26.05",
        "repo": "home-manager",
        "type": "github"
      }
    },
    "mpv-sub-scripts": {
      "flake": false,
      "locked": {
        "lastModified": 1720505155,
        "narHash": "sha256-eU3lg41FpTgtDB4KFtKiTbjaXY0HuathS2SK90rwFYo=",
        "owner": "Ben-Kerman",
        "repo": "mpv-sub-scripts",
        "rev": "73ed44c879a75020da39d1d24368f448085186ae",
        "type": "github"
      },
      "original": {
        "owner": "Ben-Kerman",
        "ref": "master",
        "repo": "mpv-sub-scripts",
        "type": "github"
      }
    },
    "mud": {
      "flake": false,
      "locked": {
        "narHash": "sha256-IB/stR0tKzRBASf3lPY/I4tjN+Knew9HaljQCo8lNkA=",
        "type": "file",
        "url": "https://www.dropbox.com/s/2669wx4az2jt62t/Mud.jpg"
      },
      "original": {
        "type": "file",
        "url": "https://www.dropbox.com/s/2669wx4az2jt62t/Mud.jpg"
      }
    },
    "nixos-hardware": {
      "inputs": {
        "nixpkgs": [
          "nixpkgs"
        ]
      },
      "locked": {
        "lastModified": 1790321948,
        "narHash": "sha256-mZGHLGi217oLIwzDM4PNRZeCNa6g2WBXURyXbNMFs7Y=",
        "owner": "NixOS",
        "repo": "nixos-hardware",
        "rev": "30d48a0ec6035f8140d0125af274f0de95f1e9b5",
        "type": "github"
      },
      "original": {
        "owner": "NixOS",
        "repo": "nixos-hardware",
        "type": "github"
      }
    },
    "nixpkgs": {
      "locked": {
        "lastModified": 1790533781,
        "narHash": "sha256-F+b8u43BVF5DlM0pz7JQSbtbwKy5PrHIT5zQUekXsD0=",
        "owner": "NixOS",
        "repo": "nixpkgs",
        "rev": "cf5e76507c6e23b59f7e0ffcc7baa2a39ddd8442",
        "type": "github"
      },
      "original": {
        "owner": "NixOS",
        "ref": "nixos-26.05",
        "repo": "nixpkgs",
        "type": "github"
      }
    },
    "nixpkgs-unstable": {
      "locked": {
        "lastModified": 1790578696,
        "narHash": "sha256-ZoxIApko70jCdbH3l20HWXOBaT2HZd87orzd2yJ9dVE=",
        "owner": "NixOS",
        "repo": "nixpkgs",
        "rev": "7a0f122f5090cf4c2ade2a13a0e229d4e19ba71f",
        "type": "github"
      },
      "original": {
        "owner": "NixOS",
        "ref": "nixos-unstable",
        "repo": "nixpkgs",
        "type": "github"
      }
    },
    "root": {
      "inputs": {
        "git-global-status": "git-global-status",
        "helix": "helix",
        "home-manager": "home-manager",
        "mpv-sub-scripts": "mpv-sub-scripts",
        "mud": "mud",
        "nixos-hardware": "nixos-hardware",
        "nixpkgs": "nixpkgs",
        "nixpkgs-unstable": "nixpkgs-unstable"
      }
    },
    "rust-overlay": {
      "inputs": {
        "nixpkgs": [
          "helix",
          "nixpkgs"
        ]
      },
      "locked": {
        "lastModified": 1740623427,
        "narHash": "sha256-3SdPQrZoa4odlScFDUHd4CUPQ/R1gtH4Mq9u8CBiK8M=",
        "owner": "oxalica",
        "repo": "rust-overlay",
        "rev": "d342e8b5fd88421ff982f383c853f0fc78a847ab",
        "type": "github"
      },
      "original": {
        "owner": "oxalica",
        "repo": "rust-overlay",
        "type": "github"
      }
    }
  },
  "root": "root",
  "version": 7
}
